
Microsoft Visual Studio Solution File, Format Version 12.00
# Visual Studio Version 16
VisualStudioVersion = 16.0.30413.136
MinimumVisualStudioVersion = 10.0.40219.1
Project("{9A19103F-16F7-4668-BE54-9A1E7A4F7556}") = "Kisik", "Kisik\Kisik.csproj", "{E5AF2991-5D5D-4D3F-95FC-7BD33C2B5E8C}"
EndProject
Project("{2150E333-8FDC-42A3-9474-1A3956D46DE8}") = "Api", "Api", "{F14DEF14-68DE-4CBD-9D25-D02BB73110AD}"
EndProject
Project("{2150E333-8FDC-42A3-9474-1A3956D46DE8}") = "BusinessLogic", "BusinessLogic", "{5ACE821C-6C5B-4A2B-9B25-8D4DABA32954}"
EndProject
Project("{2150E333-8FDC-42A3-9474-1A3956D46DE8}") = "DataAccess", "DataAccess", "{6B31982B-E723-4729-BF5D-B6BE41FE7F07}"
EndProject
Project("{FAE04EC0-301F-11D3-BF4B-00C04F79EFBC}") = "Kisik.Core", "Kisik.Core\Kisik.Core.csproj", "{95DA22D3-6F53-40D8-A245-AC454B93AA78}"
EndProject
Project("{FAE04EC0-301F-11D3-BF4B-00C04F79EFBC}") = "Kisik.DataAccess", "Kisik.DataAccess\Kisik.DataAccess.csproj", "{6239EFD1-8D89-490E-B576-9495BAE91CEF}"
EndProject
Project("{FAE04EC0-301F-11D3-BF4B-00C04F79EFBC}") = "Kisik.DataAccess.Core", "Kisik.DataAccess.Core\Kisik.DataAccess.Core.csproj", "{6DCFE11D-8D39-4274-A8F3-5D93C02B7E6F}"
EndProject
Project("{FAE04EC0-301F-11D3-BF4B-00C04F79EFBC}") = "Albina.BusinessLogic", "Albina.BusinessLogic\Albina.BusinessLogic.csproj", "{9578781F-920C-4470-B7F1-11BDEC2B7E23}"
EndProject
Project("{FAE04EC0-301F-11D3-BF4B-00C04F79EFBC}") = "Albina.BusinessLogic.Core", "Albina.BusinessLogic.Core\Albina.BusinessLogic.Core.csproj", "{63EDCFFA-D3AA-4932-9B60-C622BE0E76B1}"
EndProject
Global
	GlobalSection(SolutionConfigurationPlatforms) = preSolution
		Debug|Any CPU = Debug|Any CPU
		Release|Any CPU = Release|Any CPU
	EndGlobalSection
	GlobalSection(ProjectConfigurationPlatforms) = postSolution
		{E5AF2991-5D5D-4D3F-95FC-7BD33C2B5E8C}.Debug|Any CPU.ActiveCfg = Debug|Any CPU
		{E5AF2991-5D5D-4D3F-95FC-7BD33C2B5E8C}.Debug|Any CPU.Build.0 = Debug|Any CPU
		{E5AF2991-5D5D-4D3F-95FC-7BD33C2B5E8C}.Release|Any CPU.ActiveCfg = Release|Any CPU
		{E5AF2991-5D5D-4D3F-95FC-7BD33C2B5E8C}.Release|Any CPU.Build.0 = Release|Any CPU
		{95DA22D3-6F53-40D8-A245-AC454B93AA78}.Debug|Any CPU.ActiveCfg = Debug|Any CPU
		{95DA22D3-6F53-40D8-A245-AC454B93AA78}.Debug|Any CPU.Build.0 = Debug|Any CPU
		{95DA22D3-6F53-40D8-A245-AC454B93AA78}.Release|Any CPU.ActiveCfg = Release|Any CPU
		{95DA22D3-6F53-40D8-A245-AC454B93AA78}.Release|Any CPU.Build.0 = Release|Any CPU
		{6239EFD1-8D89-490E-B576-9495BAE91CEF}.Debug|Any CPU.ActiveCfg = Debug|Any CPU
		{6239EFD1-8D89-490E-B576-9495BAE91CEF}.Debug|Any CPU.Build.0 = Debug|Any CPU
		{6239EFD1-8D89-490E-B576-9495BAE91CEF}.Release|Any CPU.ActiveCfg = Release|Any CPU
		{6239EFD1-8D89-490E-B576-9495BAE91CEF}.Release|Any CPU.Build.0 = Release|Any CPU
		{6DCFE11D-8D39-4274-A8F3-5D93C02B7E6F}.Debug|Any CPU.ActiveCfg = Debug|Any CPU
		{6DCFE11D-8D39-4274-A8F3-5D93C02B7E6F}.Debug|Any CPU.Build.0 = Debug|Any CPU
		{6DCFE11D-8D39-4274-A8F3-5D93C02B7E6F}.Release|Any CPU.ActiveCfg = Release|Any CPU
		{6DCFE11D-8D39-4274-A8F3-5D93C02B7E6F}.Release|Any CPU.Build.0 = Release|Any CPU
		{9578781F-920C-4470-B7F1-11BDEC2B7E23}.Debug|Any CPU.ActiveCfg = Debug|Any CPU
		{9578781F-920C-4470-B7F1-11BDEC2B7E23}.Debug|Any CPU.Build.0 = Debug|Any CPU
		{9578781F-920C-4470-B7F1-11BDEC2B7E23}.Release|Any CPU.ActiveCfg = Release|Any CPU
		{9578781F-920C-4470-B7F1-11BDEC2B7E23}.Release|Any CPU.Build.0 = Release|Any CPU
		{63EDCFFA-D3AA-4932-9B60-C622BE0E76B1}.Debug|Any CPU.ActiveCfg = Debug|Any CPU
		{63EDCFFA-D3AA-4932-9B60-C622BE0E76B1}.Debug|Any CPU.Build.0 = Debug|Any CPU
		{63EDCFFA-D3AA-4932-9B60-C622BE0E76B1}.Release|Any CPU.ActiveCfg = Release|Any CPU
		{63EDCFFA-D3AA-4932-9B60-C622BE0E76B1}.Release|Any CPU.Build.0 = Release|Any CPU
	EndGlobalSection
	GlobalSection(SolutionProperties) = preSolution
		HideSolutionNode = FALSE
	EndGlobalSection
	GlobalSection(NestedProjects) = preSolution
		{E5AF2991-5D5D-4D3F-95FC-7BD33C2B5E8C} = {F14DEF14-68DE-4CBD-9D25-D02BB73110AD}
		{95DA22D3-6F53-40D8-A245-AC454B93AA78} = {F14DEF14-68DE-4CBD-9D25-D02BB73110AD}
		{6239EFD1-8D89-490E-B576-9495BAE91CEF} = {6B31982B-E723-4729-BF5D-B6BE41FE7F07}
		{6DCFE11D-8D39-4274-A8F3-5D93C02B7E6F} = {6B31982B-E723-4729-BF5D-B6BE41FE7F07}
		{9578781F-920C-4470-B7F1-11BDEC2B7E23} = {5ACE821C-6C5B-4A2B-9B25-8D4DABA32954}
		{63EDCFFA-D3AA-4932-9B60-C622BE0E76B1} = {5ACE821C-6C5B-4A2B-9B25-8D4DABA32954}
	EndGlobalSection
	GlobalSection(ExtensibilityGlobals) = postSolution
		SolutionGuid = {4F9CFC08-773B-4C3A-BB59-C05FCA26BDBD}
	EndGlobalSection
EndGlobal
